version = 1
revision = 1
requires-python = ">=3.10"

[[package]]
name = "erpy"
version = "0.1.2a1"
source = { directory = "vendor/erpy" }

[[package]]
name = "halligame"
version = "0.0.0a0"
source = { editable = "." }
dependencies = [
    { name = "erpy" },
]

[package.metadata]
requires-dist = [{ name = "erpy", directory = "vendor/erpy" }]
